
Microsoft Visual Studio Solution File, Format Version 12.00
# Visual Studio Version 17
VisualStudioVersion = 17.8.34330.188
MinimumVisualStudioVersion = 10.0.40219.1
Project("{FAE04EC0-301F-11D3-BF4B-00C04F79EFBC}") = "WebAPI", "WebAPI\WebAPI.csproj", "{1365CC52-B0C6-4EA2-9992-0FD9859DECEC}"
EndProject
Global
	GlobalSection(SolutionConfigurationPlatforms) = preSolution
		Debug|Any CPU = Debug|Any CPU
		Release|Any CPU = Release|Any CPU
	EndGlobalSection
	GlobalSection(ProjectConfigurationPlatforms) = postSolution
		{1365CC52-B0C6-4EA2-9992-0FD9859DECEC}.Debug|Any CPU.ActiveCfg = Debug|Any CPU
		{1365CC52-B0C6-4EA2-9992-0FD9859DECEC}.Debug|Any CPU.Build.0 = Debug|Any CPU
		{1365CC52-B0C6-4EA2-9992-0FD9859DECEC}.Release|Any CPU.ActiveCfg = Release|Any CPU
		{1365CC52-B0C6-4EA2-9992-0FD9859DECEC}.Release|Any CPU.Build.0 = Release|Any CPU
	EndGlobalSection
	GlobalSection(SolutionProperties) = preSolution
		HideSolutionNode = FALSE
	EndGlobalSection
	GlobalSection(ExtensibilityGlobals) = postSolution
		SolutionGuid = {2679D0AF-DE91-4904-AECD-CBC899E0C2BA}
	EndGlobalSection
EndGlobal
